
Microsoft Visual Studio Solution File, Format Version 12.00
# Visual Studio Version 16
VisualStudioVersion = 16.0.30523.141
MinimumVisualStudioVersion = 10.0.40219.1
Project("{FAE04EC0-301F-11D3-BF4B-00C04F79EFBC}") = "ProiectDawAut", "ProiectDawAut\ProiectDawAut.csproj", "{BF87D753-DD5C-4B25-BE1D-5B14CFAC9293}"
EndProject
Global
	GlobalSection(SolutionConfigurationPlatforms) = preSolution
		Debug|Any CPU = Debug|Any CPU
		Release|Any CPU = Release|Any CPU
	EndGlobalSection
	GlobalSection(ProjectConfigurationPlatforms) = postSolution
		{BF87D753-DD5C-4B25-BE1D-5B14CFAC9293}.Debug|Any CPU.ActiveCfg = Debug|Any CPU
		{BF87D753-DD5C-4B25-BE1D-5B14CFAC9293}.Debug|Any CPU.Build.0 = Debug|Any CPU
		{BF87D753-DD5C-4B25-BE1D-5B14CFAC9293}.Release|Any CPU.ActiveCfg = Release|Any CPU
		{BF87D753-DD5C-4B25-BE1D-5B14CFAC9293}.Release|Any CPU.Build.0 = Release|Any CPU
	EndGlobalSection
	GlobalSection(SolutionProperties) = preSolution
		HideSolutionNode = FALSE
	EndGlobalSection
	GlobalSection(ExtensibilityGlobals) = postSolution
		SolutionGuid = {20335A13-6022-433D-9771-D74BB8DF8DC2}
	EndGlobalSection
EndGlobal
